
Microsoft Visual Studio Solution File, Format Version 12.00
# Visual Studio Version 16
VisualStudioVersion = 16.0.30717.126
MinimumVisualStudioVersion = 10.0.40219.1
Project("{FAE04EC0-301F-11D3-BF4B-00C04F79EFBC}") = "WebApplication3", "WebApplication3\WebApplication3.csproj", "{CD5B22A5-DA29-4C90-A2F4-B0ACFFCB70A9}"
EndProject
Project("{FAE04EC0-301F-11D3-BF4B-00C04F79EFBC}") = "Core", "Core\Core.csproj", "{E5853691-F63A-4F41-9D53-B853DA4FCE71}"
EndProject
Project("{FAE04EC0-301F-11D3-BF4B-00C04F79EFBC}") = "Domain", "Domain\Domain.csproj", "{941DA6E7-59EE-47A0-9E52-0F794A926FFC}"
EndProject
Global
	GlobalSection(SolutionConfigurationPlatforms) = preSolution
		Debug|Any CPU = Debug|Any CPU
		Release|Any CPU = Release|Any CPU
	EndGlobalSection
	GlobalSection(ProjectConfigurationPlatforms) = postSolution
		{CD5B22A5-DA29-4C90-A2F4-B0ACFFCB70A9}.Debug|Any CPU.ActiveCfg = Debug|Any CPU
		{CD5B22A5-DA29-4C90-A2F4-B0ACFFCB70A9}.Debug|Any CPU.Build.0 = Debug|Any CPU
		{CD5B22A5-DA29-4C90-A2F4-B0ACFFCB70A9}.Release|Any CPU.ActiveCfg = Release|Any CPU
		{CD5B22A5-DA29-4C90-A2F4-B0ACFFCB70A9}.Release|Any CPU.Build.0 = Release|Any CPU
		{E5853691-F63A-4F41-9D53-B853DA4FCE71}.Debug|Any CPU.ActiveCfg = Debug|Any CPU
		{E5853691-F63A-4F41-9D53-B853DA4FCE71}.Debug|Any CPU.Build.0 = Debug|Any CPU
		{E5853691-F63A-4F41-9D53-B853DA4FCE71}.Release|Any CPU.ActiveCfg = Release|Any CPU
		{E5853691-F63A-4F41-9D53-B853DA4FCE71}.Release|Any CPU.Build.0 = Release|Any CPU
		{941DA6E7-59EE-47A0-9E52-0F794A926FFC}.Debug|Any CPU.ActiveCfg = Debug|Any CPU
		{941DA6E7-59EE-47A0-9E52-0F794A926FFC}.Debug|Any CPU.Build.0 = Debug|Any CPU
		{941DA6E7-59EE-47A0-9E52-0F794A926FFC}.Release|Any CPU.ActiveCfg = Release|Any CPU
		{941DA6E7-59EE-47A0-9E52-0F794A926FFC}.Release|Any CPU.Build.0 = Release|Any CPU
	EndGlobalSection
	GlobalSection(SolutionProperties) = preSolution
		HideSolutionNode = FALSE
	EndGlobalSection
	GlobalSection(ExtensibilityGlobals) = postSolution
		SolutionGuid = {BDE1B181-C432-4914-90AA-A07E5663584F}
	EndGlobalSection
EndGlobal
